
Microsoft Visual Studio Solution File, Format Version 12.00
# Visual Studio 15
VisualStudioVersion = 15.0.28010.2016
MinimumVisualStudioVersion = 10.0.40219.1
Project("{FAE04EC0-301F-11D3-BF4B-00C04F79EFBC}") = "NuPkgSoins", "NuPkgSoins\NuPkgSoins.csproj", "{5D73773F-1EA1-4DB7-86D7-C7B2800ED748}"
EndProject
Global
	GlobalSection(SolutionConfigurationPlatforms) = preSolution
		Debug|Any CPU = Debug|Any CPU
		Release|Any CPU = Release|Any CPU
	EndGlobalSection
	GlobalSection(ProjectConfigurationPlatforms) = postSolution
		{5D73773F-1EA1-4DB7-86D7-C7B2800ED748}.Debug|Any CPU.ActiveCfg = Debug|Any CPU
		{5D73773F-1EA1-4DB7-86D7-C7B2800ED748}.Debug|Any CPU.Build.0 = Debug|Any CPU
		{5D73773F-1EA1-4DB7-86D7-C7B2800ED748}.Release|Any CPU.ActiveCfg = Release|Any CPU
		{5D73773F-1EA1-4DB7-86D7-C7B2800ED748}.Release|Any CPU.Build.0 = Release|Any CPU
	EndGlobalSection
	GlobalSection(SolutionProperties) = preSolution
		HideSolutionNode = FALSE
	EndGlobalSection
	GlobalSection(ExtensibilityGlobals) = postSolution
		SolutionGuid = {96516C4B-75D1-48B4-B230-263F9262B614}
	EndGlobalSection
EndGlobal
